
Microsoft Visual Studio Solution File, Format Version 12.00
# Visual Studio 2012
Project("{FAE04EC0-301F-11D3-BF4B-00C04F79EFBC}") = "UnityToolsEditor", "UnityToolsEditor\UnityToolsEditor.csproj", "{45147284-E76F-4DBC-A807-9BBA0536C745}"
EndProject
Project("{FAE04EC0-301F-11D3-BF4B-00C04F79EFBC}") = "UnityTools", "UnityTools\UnityTools.csproj", "{9EE566BE-D952-4DEC-A00C-351A82DD9F5D}"
EndProject
Global
	GlobalSection(SolutionConfigurationPlatforms) = preSolution
		Debug|Any CPU = Debug|Any CPU
		Release|Any CPU = Release|Any CPU
	EndGlobalSection
	GlobalSection(ProjectConfigurationPlatforms) = postSolution
		{45147284-E76F-4DBC-A807-9BBA0536C745}.Debug|Any CPU.ActiveCfg = Debug|Any CPU
		{45147284-E76F-4DBC-A807-9BBA0536C745}.Debug|Any CPU.Build.0 = Debug|Any CPU
		{45147284-E76F-4DBC-A807-9BBA0536C745}.Release|Any CPU.ActiveCfg = Release|Any CPU
		{45147284-E76F-4DBC-A807-9BBA0536C745}.Release|Any CPU.Build.0 = Release|Any CPU
		{9EE566BE-D952-4DEC-A00C-351A82DD9F5D}.Debug|Any CPU.ActiveCfg = Debug|Any CPU
		{9EE566BE-D952-4DEC-A00C-351A82DD9F5D}.Debug|Any CPU.Build.0 = Debug|Any CPU
		{9EE566BE-D952-4DEC-A00C-351A82DD9F5D}.Release|Any CPU.ActiveCfg = Release|Any CPU
		{9EE566BE-D952-4DEC-A00C-351A82DD9F5D}.Release|Any CPU.Build.0 = Release|Any CPU
	EndGlobalSection
	GlobalSection(SolutionProperties) = preSolution
		HideSolutionNode = FALSE
	EndGlobalSection
EndGlobal
